// !$*UTF8*$!
{
	archiveVersion = 1;
	classes = {
	};
	objectVersion = 50;
	objects = {

/* Begin PBXBuildFile section */
		18018CC124BDDA1D00CE4139 /* CircularCollectionViewLayout.swift in Sources */ = {isa = PBXBuildFile; fileRef = 18018CC024BDDA1D00CE4139 /* CircularCollectionViewLayout.swift */; };
		1801FB722464380200E40508 /* CoreDataDemoViewController.swift in Sources */ = {isa = PBXBuildFile; fileRef = 1801FB712464380200E40508 /* CoreDataDemoViewController.swift */; };
		18026172246A9B2C0087E130 /* Shell+CoreDataClass.swift in Sources */ = {isa = PBXBuildFile; fileRef = 18026170246A9B2C0087E130 /* Shell+CoreDataClass.swift */; };
		18026173246A9B2C0087E130 /* Shell+CoreDataProperties.swift in Sources */ = {isa = PBXBuildFile; fileRef = 18026171246A9B2C0087E130 /* Shell+CoreDataProperties.swift */; };
		18026176246AA0240087E130 /* SaveImageViewController.swift in Sources */ = {isa = PBXBuildFile; fileRef = 18026175246AA0240087E130 /* SaveImageViewController.swift */; };
		18026178246AF95F0087E130 /* ShellTableViewCell.swift in Sources */ = {isa = PBXBuildFile; fileRef = 18026177246AF95F0087E130 /* ShellTableViewCell.swift */; };
		1802617A246D38450087E130 /* RoundedTextField.swift in Sources */ = {isa = PBXBuildFile; fileRef = 18026179246D38450087E130 /* RoundedTextField.swift */; };
		1802617C246D3A810087E130 /* addNewShellTableViewController.swift in Sources */ = {isa = PBXBuildFile; fileRef = 1802617B246D3A810087E130 /* addNewShellTableViewController.swift */; };
		1802988024CB49D80028DF01 /* WaterFallsLayoutViewController.swift in Sources */ = {isa = PBXBuildFile; fileRef = 1802987F24CB49D80028DF01 /* WaterFallsLayoutViewController.swift */; };
		1802988324CB4C620028DF01 /* WaterFallsLayoutCollectionViewCell.swift in Sources */ = {isa = PBXBuildFile; fileRef = 1802988224CB4C620028DF01 /* WaterFallsLayoutCollectionViewCell.swift */; };
		1802988524CB4E100028DF01 /* CircularLayoutViewController.swift in Sources */ = {isa = PBXBuildFile; fileRef = 1802988424CB4E100028DF01 /* CircularLayoutViewController.swift */; };
		1802988724CB4F7B0028DF01 /* CircularLayoutCollectionViewCell.swift in Sources */ = {isa = PBXBuildFile; fileRef = 1802988624CB4F7B0028DF01 /* CircularLayoutCollectionViewCell.swift */; };
		18043F90244DA657003B8E49 /* FileManager.storyboard in Resources */ = {isa = PBXBuildFile; fileRef = 18043F8F244DA657003B8E49 /* FileManager.storyboard */; };
		18043F92244DA67A003B8E49 /* FileManagerViewController.swift in Sources */ = {isa = PBXBuildFile; fileRef = 18043F91244DA67A003B8E49 /* FileManagerViewController.swift */; };
		18043F9424518F9F003B8E49 /* FileManagerToolkit.swift in Sources */ = {isa = PBXBuildFile; fileRef = 18043F9324518F9F003B8E49 /* FileManagerToolkit.swift */; };
		1804801A243E0101009285CC /* AppDelegate.swift in Sources */ = {isa = PBXBuildFile; fileRef = 18048019243E0101009285CC /* AppDelegate.swift */; };
		1804801F243E0102009285CC /* Main.storyboard in Resources */ = {isa = PBXBuildFile; fileRef = 1804801D243E0102009285CC /* Main.storyboard */; };
		18048022243E0102009285CC /* SwiftDemo.xcdatamodeld in Sources */ = {isa = PBXBuildFile; fileRef = 18048020243E0102009285CC /* SwiftDemo.xcdatamodeld */; };
		18048024243E0106009285CC /* Assets.xcassets in Resources */ = {isa = PBXBuildFile; fileRef = 18048023243E0106009285CC /* Assets.xcassets */; };
		18048027243E0106009285CC /* LaunchScreen.storyboard in Resources */ = {isa = PBXBuildFile; fileRef = 18048025243E0106009285CC /* LaunchScreen.storyboard */; };
		18048031243F02CB009285CC /* MainTableViewController.swift in Sources */ = {isa = PBXBuildFile; fileRef = 18048030243F02CB009285CC /* MainTableViewController.swift */; };
		18048033243F0788009285CC /* LaunchScreenViewController.swift in Sources */ = {isa = PBXBuildFile; fileRef = 18048032243F0788009285CC /* LaunchScreenViewController.swift */; };
		180A35ED24B8622200D4B702 /* UIInterface.storyboard in Resources */ = {isa = PBXBuildFile; fileRef = 180A35EC24B8622200D4B702 /* UIInterface.storyboard */; };
		180A35F124B8638200D4B702 /* UIInterfaceViewController.swift in Sources */ = {isa = PBXBuildFile; fileRef = 180A35F024B8638200D4B702 /* UIInterfaceViewController.swift */; };
		180A35F924B8BDEB00D4B702 /* WaterFallsFlowLayout.swift in Sources */ = {isa = PBXBuildFile; fileRef = 180A35F824B8BDEB00D4B702 /* WaterFallsFlowLayout.swift */; };
		180A35FE24B8C91500D4B702 /* FlowLayoutDemoViewController.swift in Sources */ = {isa = PBXBuildFile; fileRef = 180A35FD24B8C91500D4B702 /* FlowLayoutDemoViewController.swift */; };
		180A360224B8D4E000D4B702 /* FlowDemoCollectionViewCell.swift in Sources */ = {isa = PBXBuildFile; fileRef = 180A360124B8D4E000D4B702 /* FlowDemoCollectionViewCell.swift */; };
		1810BBA72462A2C3007BB351 /* AVFoundationDemo.storyboard in Resources */ = {isa = PBXBuildFile; fileRef = 1810BBA62462A2C3007BB351 /* AVFoundationDemo.storyboard */; };
		1810BBA92462A372007BB351 /* AVFoundationDemoViewController.swift in Sources */ = {isa = PBXBuildFile; fileRef = 1810BBA82462A372007BB351 /* AVFoundationDemoViewController.swift */; };
		1810BBAB2462AED6007BB351 /* CameraPreviewView.swift in Sources */ = {isa = PBXBuildFile; fileRef = 1810BBAA2462AED6007BB351 /* CameraPreviewView.swift */; };
		1810BBAD2462B90C007BB351 /* CameraViewController.swift in Sources */ = {isa = PBXBuildFile; fileRef = 1810BBAC2462B90C007BB351 /* CameraViewController.swift */; };
		1810BBAF2464202C007BB351 /* UIColor_Ext.swift in Sources */ = {isa = PBXBuildFile; fileRef = 1810BBAE2464202C007BB351 /* UIColor_Ext.swift */; };
		1810BBB124642061007BB351 /* UIImage_Ext.swift in Sources */ = {isa = PBXBuildFile; fileRef = 1810BBB024642061007BB351 /* UIImage_Ext.swift */; };
		188EF62924409B2200D75692 /* Web.storyboard in Resources */ = {isa = PBXBuildFile; fileRef = 188EF62824409B2200D75692 /* Web.storyboard */; };
		188EF62B2440E7C700D75692 /* WebViewController.swift in Sources */ = {isa = PBXBuildFile; fileRef = 188EF62A2440E7C700D75692 /* WebViewController.swift */; };
		188EF62D2440EA8C00D75692 /* ZooViewController.swift in Sources */ = {isa = PBXBuildFile; fileRef = 188EF62C2440EA8C00D75692 /* ZooViewController.swift */; };
		188EF62F2441F9BC00D75692 /* ZooTableViewCell.swift in Sources */ = {isa = PBXBuildFile; fileRef = 188EF62E2441F9BC00D75692 /* ZooTableViewCell.swift */; };
		18FF7E832441FBD1004B4491 /* UIView_Ext.swift in Sources */ = {isa = PBXBuildFile; fileRef = 18FF7E822441FBD1004B4491 /* UIView_Ext.swift */; };
/* End PBXBuildFile section */

/* Begin PBXFileReference section */
		18018CC024BDDA1D00CE4139 /* CircularCollectionViewLayout.swift */ = {isa = PBXFileReference; lastKnownFileType = sourcecode.swift; path = CircularCollectionViewLayout.swift; sourceTree = "<group>"; };
		1801FB712464380200E40508 /* CoreDataDemoViewController.swift */ = {isa = PBXFileReference; lastKnownFileType = sourcecode.swift; path = CoreDataDemoViewController.swift; sourceTree = "<group>"; };
		18026170246A9B2C0087E130 /* Shell+CoreDataClass.swift */ = {isa = PBXFileReference; lastKnownFileType = sourcecode.swift; path = "Shell+CoreDataClass.swift"; sourceTree = "<group>"; };
		18026171246A9B2C0087E130 /* Shell+CoreDataProperties.swift */ = {isa = PBXFileReference; lastKnownFileType = sourcecode.swift; path = "Shell+CoreDataProperties.swift"; sourceTree = "<group>"; };
		18026175246AA0240087E130 /* SaveImageViewController.swift */ = {isa = PBXFileReference; lastKnownFileType = sourcecode.swift; path = SaveImageViewController.swift; sourceTree = "<group>"; };
		18026177246AF95F0087E130 /* ShellTableViewCell.swift */ = {isa = PBXFileReference; lastKnownFileType = sourcecode.swift; path = ShellTableViewCell.swift; sourceTree = "<group>"; };
		18026179246D38450087E130 /* RoundedTextField.swift */ = {isa = PBXFileReference; lastKnownFileType = sourcecode.swift; path = RoundedTextField.swift; sourceTree = "<group>"; };
		1802617B246D3A810087E130 /* addNewShellTableViewController.swift */ = {isa = PBXFileReference; lastKnownFileType = sourcecode.swift; path = addNewShellTableViewController.swift; sourceTree = "<group>"; };
		1802987F24CB49D80028DF01 /* WaterFallsLayoutViewController.swift */ = {isa = PBXFileReference; lastKnownFileType = sourcecode.swift; path = WaterFallsLayoutViewController.swift; sourceTree = "<group>"; };
		1802988224CB4C620028DF01 /* WaterFallsLayoutCollectionViewCell.swift */ = {isa = PBXFileReference; lastKnownFileType = sourcecode.swift; path = WaterFallsLayoutCollectionViewCell.swift; sourceTree = "<group>"; };
		1802988424CB4E100028DF01 /* CircularLayoutViewController.swift */ = {isa = PBXFileReference; lastKnownFileType = sourcecode.swift; path = CircularLayoutViewController.swift; sourceTree = "<group>"; };
		1802988624CB4F7B0028DF01 /* CircularLayoutCollectionViewCell.swift */ = {isa = PBXFileReference; lastKnownFileType = sourcecode.swift; path = CircularLayoutCollectionViewCell.swift; sourceTree = "<group>"; };
		18043F8F244DA657003B8E49 /* FileManager.storyboard */ = {isa = PBXFileReference; lastKnownFileType = file.storyboard; path = FileManager.storyboard; sourceTree = "<group>"; };
		18043F91244DA67A003B8E49 /* FileManagerViewController.swift */ = {isa = PBXFileReference; lastKnownFileType = sourcecode.swift; path = FileManagerViewController.swift; sourceTree = "<group>"; };
		18043F9324518F9F003B8E49 /* FileManagerToolkit.swift */ = {isa = PBXFileReference; lastKnownFileType = sourcecode.swift; path = FileManagerToolkit.swift; sourceTree = "<group>"; };
		18048016243E0101009285CC /* SwiftDemo.app */ = {isa = PBXFileReference; explicitFileType = wrapper.application; includeInIndex = 0; path = SwiftDemo.app; sourceTree = BUILT_PRODUCTS_DIR; };
		18048019243E0101009285CC /* AppDelegate.swift */ = {isa = PBXFileReference; lastKnownFileType = sourcecode.swift; path = AppDelegate.swift; sourceTree = "<group>"; };
		1804801E243E0102009285CC /* Base */ = {isa = PBXFileReference; lastKnownFileType = file.storyboard; name = Base; path = Base.lproj/Main.storyboard; sourceTree = "<group>"; };
		18048021243E0102009285CC /* SwiftDemo.xcdatamodel */ = {isa = PBXFileReference; lastKnownFileType = wrapper.xcdatamodel; path = SwiftDemo.xcdatamodel; sourceTree = "<group>"; };
		18048023243E0106009285CC /* Assets.xcassets */ = {isa = PBXFileReference; lastKnownFileType = folder.assetcatalog; path = Assets.xcassets; sourceTree = "<group>"; };
		18048026243E0106009285CC /* Base */ = {isa = PBXFileReference; lastKnownFileType = file.storyboard; name = Base; path = Base.lproj/LaunchScreen.storyboard; sourceTree = "<group>"; };
		18048028243E0106009285CC /* Info.plist */ = {isa = PBXFileReference; lastKnownFileType = text.plist.xml; path = Info.plist; sourceTree = "<group>"; };
		18048030243F02CB009285CC /* MainTableViewController.swift */ = {isa = PBXFileReference; lastKnownFileType = sourcecode.swift; path = MainTableViewController.swift; sourceTree = "<group>"; };
		18048032243F0788009285CC /* LaunchScreenViewController.swift */ = {isa = PBXFileReference; lastKnownFileType = sourcecode.swift; path = LaunchScreenViewController.swift; sourceTree = "<group>"; };
		180A35EC24B8622200D4B702 /* UIInterface.storyboard */ = {isa = PBXFileReference; lastKnownFileType = file.storyboard; path = UIInterface.storyboard; sourceTree = "<group>"; };
		180A35F024B8638200D4B702 /* UIInterfaceViewController.swift */ = {isa = PBXFileReference; lastKnownFileType = sourcecode.swift; path = UIInterfaceViewController.swift; sourceTree = "<group>"; };
		180A35F824B8BDEB00D4B702 /* WaterFallsFlowLayout.swift */ = {isa = PBXFileReference; lastKnownFileType = sourcecode.swift; path = WaterFallsFlowLayout.swift; sourceTree = "<group>"; };
		180A35FD24B8C91500D4B702 /* FlowLayoutDemoViewController.swift */ = {isa = PBXFileReference; lastKnownFileType = sourcecode.swift; path = FlowLayoutDemoViewController.swift; sourceTree = "<group>"; };
		180A360124B8D4E000D4B702 /* FlowDemoCollectionViewCell.swift */ = {isa = PBXFileReference; lastKnownFileType = sourcecode.swift; path = FlowDemoCollectionViewCell.swift; sourceTree = "<group>"; };
		1810BBA62462A2C3007BB351 /* AVFoundationDemo.storyboard */ = {isa = PBXFileReference; lastKnownFileType = file.storyboard; path = AVFoundationDemo.storyboard; sourceTree = "<group>"; };
		1810BBA82462A372007BB351 /* AVFoundationDemoViewController.swift */ = {isa = PBXFileReference; lastKnownFileType = sourcecode.swift; path = AVFoundationDemoViewController.swift; sourceTree = "<group>"; };
		1810BBAA2462AED6007BB351 /* CameraPreviewView.swift */ = {isa = PBXFileReference; lastKnownFileType = sourcecode.swift; path = CameraPreviewView.swift; sourceTree = "<group>"; };
		1810BBAC2462B90C007BB351 /* CameraViewController.swift */ = {isa = PBXFileReference; lastKnownFileType = sourcecode.swift; path = CameraViewController.swift; sourceTree = "<group>"; };
		1810BBAE2464202C007BB351 /* UIColor_Ext.swift */ = {isa = PBXFileReference; lastKnownFileType = sourcecode.swift; path = UIColor_Ext.swift; sourceTree = "<group>"; };
		1810BBB024642061007BB351 /* UIImage_Ext.swift */ = {isa = PBXFileReference; lastKnownFileType = sourcecode.swift; path = UIImage_Ext.swift; sourceTree = "<group>"; };
		188EF62824409B2200D75692 /* Web.storyboard */ = {isa = PBXFileReference; lastKnownFileType = file.storyboard; path = Web.storyboard; sourceTree = "<group>"; };
		188EF62A2440E7C700D75692 /* WebViewController.swift */ = {isa = PBXFileReference; lastKnownFileType = sourcecode.swift; path = WebViewController.swift; sourceTree = "<group>"; };
		188EF62C2440EA8C00D75692 /* ZooViewController.swift */ = {isa = PBXFileReference; lastKnownFileType = sourcecode.swift; path = ZooViewController.swift; sourceTree = "<group>"; };
		188EF62E2441F9BC00D75692 /* ZooTableViewCell.swift */ = {isa = PBXFileReference; lastKnownFileType = sourcecode.swift; path = ZooTableViewCell.swift; sourceTree = "<group>"; };
		18FF7E822441FBD1004B4491 /* UIView_Ext.swift */ = {isa = PBXFileReference; lastKnownFileType = sourcecode.swift; path = UIView_Ext.swift; sourceTree = "<group>"; };
/* End PBXFileReference section */

/* Begin PBXFrameworksBuildPhase section */
		18048013243E0101009285CC /* Frameworks */ = {
			isa = PBXFrameworksBuildPhase;
			buildActionMask = 2147483647;
			files = (
			);
			runOnlyForDeploymentPostprocessing = 0;
		};
/* End PBXFrameworksBuildPhase section */

/* Begin PBXGroup section */
		18026174246A9EB30087E130 /* CoreData */ = {
			isa = PBXGroup;
			children = (
				18026170246A9B2C0087E130 /* Shell+CoreDataClass.swift */,
				18026171246A9B2C0087E130 /* Shell+CoreDataProperties.swift */,
			);
			name = CoreData;
			path = ../CoreData;
			sourceTree = "<group>";
		};
		1802988124CB49F60028DF01 /* _Cell */ = {
			isa = PBXGroup;
			children = (
				1802988224CB4C620028DF01 /* WaterFallsLayoutCollectionViewCell.swift */,
				1802988624CB4F7B0028DF01 /* CircularLayoutCollectionViewCell.swift */,
			);
			path = _Cell;
			sourceTree = "<group>";
		};
		18043F8E244DA617003B8E49 /* _FileManager */ = {
			isa = PBXGroup;
			children = (
				18043F8F244DA657003B8E49 /* FileManager.storyboard */,
				18043F91244DA67A003B8E49 /* FileManagerViewController.swift */,
				18026175246AA0240087E130 /* SaveImageViewController.swift */,
				1801FB712464380200E40508 /* CoreDataDemoViewController.swift */,
				1802617B246D3A810087E130 /* addNewShellTableViewController.swift */,
				18043F9324518F9F003B8E49 /* FileManagerToolkit.swift */,
				18026177246AF95F0087E130 /* ShellTableViewCell.swift */,
				18026179246D38450087E130 /* RoundedTextField.swift */,
			);
			path = _FileManager;
			sourceTree = "<group>";
		};
		1804800D243E0101009285CC = {
			isa = PBXGroup;
			children = (
				18048018243E0101009285CC /* SwiftDemo */,
				18048017243E0101009285CC /* Products */,
			);
			sourceTree = "<group>";
		};
		18048017243E0101009285CC /* Products */ = {
			isa = PBXGroup;
			children = (
				18048016243E0101009285CC /* SwiftDemo.app */,
			);
			name = Products;
			sourceTree = "<group>";
		};
		18048018243E0101009285CC /* SwiftDemo */ = {
			isa = PBXGroup;
			children = (
				18FF7E812441FBB1004B4491 /* _Extension */,
				1804802E243F0261009285CC /* _Scene */,
				18026174246A9EB30087E130 /* CoreData */,
				18048019243E0101009285CC /* AppDelegate.swift */,
				18048023243E0106009285CC /* Assets.xcassets */,
				18048025243E0106009285CC /* LaunchScreen.storyboard */,
				18048028243E0106009285CC /* Info.plist */,
				18048020243E0102009285CC /* SwiftDemo.xcdatamodeld */,
			);
			path = SwiftDemo;
			sourceTree = "<group>";
		};
		1804802E243F0261009285CC /* _Scene */ = {
			isa = PBXGroup;
			children = (
				1804802F243F0287009285CC /* _Main */,
				188EF62724409AA800D75692 /* _Web */,
				18043F8E244DA617003B8E49 /* _FileManager */,
				1810BBA52462A28A007BB351 /* _AVFoundation */,
				180A35EB24B861E100D4B702 /* UI */,
			);
			path = _Scene;
			sourceTree = "<group>";
		};
		1804802F243F0287009285CC /* _Main */ = {
			isa = PBXGroup;
			children = (
				1804801D243E0102009285CC /* Main.storyboard */,
				18048030243F02CB009285CC /* MainTableViewController.swift */,
				18048032243F0788009285CC /* LaunchScreenViewController.swift */,
			);
			path = _Main;
			sourceTree = "<group>";
		};
		180A35EB24B861E100D4B702 /* UI */ = {
			isa = PBXGroup;
			children = (
				180A35EC24B8622200D4B702 /* UIInterface.storyboard */,
				180A35F024B8638200D4B702 /* UIInterfaceViewController.swift */,
				1802987F24CB49D80028DF01 /* WaterFallsLayoutViewController.swift */,
				1802988424CB4E100028DF01 /* CircularLayoutViewController.swift */,
				180A35FC24B8BE1A00D4B702 /* _UICollectionViewFlowLayout */,
				1802988124CB49F60028DF01 /* _Cell */,
				180A35FD24B8C91500D4B702 /* FlowLayoutDemoViewController.swift */,
				180A360124B8D4E000D4B702 /* FlowDemoCollectionViewCell.swift */,
			);
			path = UI;
			sourceTree = "<group>";
		};
		180A35FC24B8BE1A00D4B702 /* _UICollectionViewFlowLayout */ = {
			isa = PBXGroup;
			children = (
				180A35F824B8BDEB00D4B702 /* WaterFallsFlowLayout.swift */,
				18018CC024BDDA1D00CE4139 /* CircularCollectionViewLayout.swift */,
			);
			path = _UICollectionViewFlowLayout;
			sourceTree = "<group>";
		};
		1810BBA52462A28A007BB351 /* _AVFoundation */ = {
			isa = PBXGroup;
			children = (
				1810BBA62462A2C3007BB351 /* AVFoundationDemo.storyboard */,
				1810BBA82462A372007BB351 /* AVFoundationDemoViewController.swift */,
				1810BBAC2462B90C007BB351 /* CameraViewController.swift */,
				1810BBAA2462AED6007BB351 /* CameraPreviewView.swift */,
			);
			path = _AVFoundation;
			sourceTree = "<group>";
		};
		188EF62724409AA800D75692 /* _Web */ = {
			isa = PBXGroup;
			children = (
				188EF62824409B2200D75692 /* Web.storyboard */,
				188EF62A2440E7C700D75692 /* WebViewController.swift */,
				188EF62C2440EA8C00D75692 /* ZooViewController.swift */,
				188EF62E2441F9BC00D75692 /* ZooTableViewCell.swift */,
			);
			path = _Web;
			sourceTree = "<group>";
		};
		18FF7E812441FBB1004B4491 /* _Extension */ = {
			isa = PBXGroup;
			children = (
				18FF7E822441FBD1004B4491 /* UIView_Ext.swift */,
				1810BBAE2464202C007BB351 /* UIColor_Ext.swift */,
				1810BBB024642061007BB351 /* UIImage_Ext.swift */,
			);
			path = _Extension;
			sourceTree = "<group>";
		};
/* End PBXGroup section */

/* Begin PBXNativeTarget section */
		18048015243E0101009285CC /* SwiftDemo */ = {
			isa = PBXNativeTarget;
			buildConfigurationList = 1804802B243E0106009285CC /* Build configuration list for PBXNativeTarget "SwiftDemo" */;
			buildPhases = (
				18048012243E0101009285CC /* Sources */,
				18048013243E0101009285CC /* Frameworks */,
				18048014243E0101009285CC /* Resources */,
			);
			buildRules = (
			);
			dependencies = (
			);
			name = SwiftDemo;
			productName = SwiftDemo;
			productReference = 18048016243E0101009285CC /* SwiftDemo.app */;
			productType = "com.apple.product-type.application";
		};
/* End PBXNativeTarget section */

/* Begin PBXProject section */
		1804800E243E0101009285CC /* Project object */ = {
			isa = PBXProject;
			attributes = {
				LastSwiftUpdateCheck = 1030;
				LastUpgradeCheck = 1030;
				ORGANIZATIONNAME = Nautilus;
				TargetAttributes = {
					18048015243E0101009285CC = {
						CreatedOnToolsVersion = 10.3;
					};
				};
			};
			buildConfigurationList = 18048011243E0101009285CC /* Build configuration list for PBXProject "SwiftDemo" */;
			compatibilityVersion = "Xcode 9.3";
			developmentRegion = en;
			hasScannedForEncodings = 0;
			knownRegions = (
				en,
				Base,
			);
			mainGroup = 1804800D243E0101009285CC;
			productRefGroup = 18048017243E0101009285CC /* Products */;
			projectDirPath = "";
			projectRoot = "";
			targets = (
				18048015243E0101009285CC /* SwiftDemo */,
			);
		};
/* End PBXProject section */

/* Begin PBXResourcesBuildPhase section */
		18048014243E0101009285CC /* Resources */ = {
			isa = PBXResourcesBuildPhase;
			buildActionMask = 2147483647;
			files = (
				18048027243E0106009285CC /* LaunchScreen.storyboard in Resources */,
				18043F90244DA657003B8E49 /* FileManager.storyboard in Resources */,
				18048024243E0106009285CC /* Assets.xcassets in Resources */,
				1804801F243E0102009285CC /* Main.storyboard in Resources */,
				180A35ED24B8622200D4B702 /* UIInterface.storyboard in Resources */,
				188EF62924409B2200D75692 /* Web.storyboard in Resources */,
				1810BBA72462A2C3007BB351 /* AVFoundationDemo.storyboard in Resources */,
			);
			runOnlyForDeploymentPostprocessing = 0;
		};
/* End PBXResourcesBuildPhase section */

/* Begin PBXSourcesBuildPhase section */
		18048012243E0101009285CC /* Sources */ = {
			isa = PBXSourcesBuildPhase;
			buildActionMask = 2147483647;
			files = (
				1810BBB124642061007BB351 /* UIImage_Ext.swift in Sources */,
				180A35F924B8BDEB00D4B702 /* WaterFallsFlowLayout.swift in Sources */,
				18048031243F02CB009285CC /* MainTableViewController.swift in Sources */,
				18048022243E0102009285CC /* SwiftDemo.xcdatamodeld in Sources */,
				180A360224B8D4E000D4B702 /* FlowDemoCollectionViewCell.swift in Sources */,
				1810BBA92462A372007BB351 /* AVFoundationDemoViewController.swift in Sources */,
				1802617A246D38450087E130 /* RoundedTextField.swift in Sources */,
				18026173246A9B2C0087E130 /* Shell+CoreDataProperties.swift in Sources */,
				18026176246AA0240087E130 /* SaveImageViewController.swift in Sources */,
				18026178246AF95F0087E130 /* ShellTableViewCell.swift in Sources */,
				18018CC124BDDA1D00CE4139 /* CircularCollectionViewLayout.swift in Sources */,
				1801FB722464380200E40508 /* CoreDataDemoViewController.swift in Sources */,
				1802988724CB4F7B0028DF01 /* CircularLayoutCollectionViewCell.swift in Sources */,
				1802617C246D3A810087E130 /* addNewShellTableViewController.swift in Sources */,
				180A35FE24B8C91500D4B702 /* FlowLayoutDemoViewController.swift in Sources */,
				18026172246A9B2C0087E130 /* Shell+CoreDataClass.swift in Sources */,
				1802988524CB4E100028DF01 /* CircularLayoutViewController.swift in Sources */,
				18048033243F0788009285CC /* LaunchScreenViewController.swift in Sources */,
				1810BBAD2462B90C007BB351 /* CameraViewController.swift in Sources */,
				18043F92244DA67A003B8E49 /* FileManagerViewController.swift in Sources */,
				18043F9424518F9F003B8E49 /* FileManagerToolkit.swift in Sources */,
				188EF62B2440E7C700D75692 /* WebViewController.swift in Sources */,
				180A35F124B8638200D4B702 /* UIInterfaceViewController.swift in Sources */,
				1802988024CB49D80028DF01 /* WaterFallsLayoutViewController.swift in Sources */,
				18FF7E832441FBD1004B4491 /* UIView_Ext.swift in Sources */,
				1802988324CB4C620028DF01 /* WaterFallsLayoutCollectionViewCell.swift in Sources */,
				1810BBAB2462AED6007BB351 /* CameraPreviewView.swift in Sources */,
				1804801A243E0101009285CC /* AppDelegate.swift in Sources */,
				188EF62F2441F9BC00D75692 /* ZooTableViewCell.swift in Sources */,
				188EF62D2440EA8C00D75692 /* ZooViewController.swift in Sources */,
				1810BBAF2464202C007BB351 /* UIColor_Ext.swift in Sources */,
			);
			runOnlyForDeploymentPostprocessing = 0;
		};
/* End PBXSourcesBuildPhase section */

/* Begin PBXVariantGroup section */
		1804801D243E0102009285CC /* Main.storyboard */ = {
			isa = PBXVariantGroup;
			children = (
				1804801E243E0102009285CC /* Base */,
			);
			name = Main.storyboard;
			sourceTree = "<group>";
		};
		18048025243E0106009285CC /* LaunchScreen.storyboard */ = {
			isa = PBXVariantGroup;
			children = (
				18048026243E0106009285CC /* Base */,
			);
			name = LaunchScreen.storyboard;
			sourceTree = "<group>";
		};
/* End PBXVariantGroup section */

/* Begin XCBuildConfiguration section */
		18048029243E0106009285CC /* Debug */ = {
			isa = XCBuildConfiguration;
			buildSettings = {
				ALWAYS_SEARCH_USER_PATHS = NO;
				CLANG_ANALYZER_NONNULL = YES;
				CLANG_ANALYZER_NUMBER_OBJECT_CONVERSION = YES_AGGRESSIVE;
				CLANG_CXX_LANGUAGE_STANDARD = "gnu++14";
				CLANG_CXX_LIBRARY = "libc++";
				CLANG_ENABLE_MODULES = YES;
				CLANG_ENABLE_OBJC_ARC = YES;
				CLANG_ENABLE_OBJC_WEAK = YES;
				CLANG_WARN_BLOCK_CAPTURE_AUTORELEASING = YES;
				CLANG_WARN_BOOL_CONVERSION = YES;
				CLANG_WARN_COMMA = YES;
				CLANG_WARN_CONSTANT_CONVERSION = YES;
				CLANG_WARN_DEPRECATED_OBJC_IMPLEMENTATIONS = YES;
				CLANG_WARN_DIRECT_OBJC_ISA_USAGE = YES_ERROR;
				CLANG_WARN_DOCUMENTATION_COMMENTS = YES;
				CLANG_WARN_EMPTY_BODY = YES;
				CLANG_WARN_ENUM_CONVERSION = YES;
				CLANG_WARN_INFINITE_RECURSION = YES;
				CLANG_WARN_INT_CONVERSION = YES;
				CLANG_WARN_NON_LITERAL_NULL_CONVERSION = YES;
				CLANG_WARN_OBJC_IMPLICIT_RETAIN_SELF = YES;
				CLANG_WARN_OBJC_LITERAL_CONVERSION = YES;
				CLANG_WARN_OBJC_ROOT_CLASS = YES_ERROR;
				CLANG_WARN_RANGE_LOOP_ANALYSIS = YES;
				CLANG_WARN_STRICT_PROTOTYPES = YES;
				CLANG_WARN_SUSPICIOUS_MOVE = YES;
				CLANG_WARN_UNGUARDED_AVAILABILITY = YES_AGGRESSIVE;
				CLANG_WARN_UNREACHABLE_CODE = YES;
				CLANG_WARN__DUPLICATE_METHOD_MATCH = YES;
				CODE_SIGN_IDENTITY = "iPhone Developer";
				COPY_PHASE_STRIP = NO;
				DEBUG_INFORMATION_FORMAT = dwarf;
				ENABLE_STRICT_OBJC_MSGSEND = YES;
				ENABLE_TESTABILITY = YES;
				GCC_C_LANGUAGE_STANDARD = gnu11;
				GCC_DYNAMIC_NO_PIC = NO;
				GCC_NO_COMMON_BLOCKS = YES;
				GCC_OPTIMIZATION_LEVEL = 0;
				GCC_PREPROCESSOR_DEFINITIONS = (
					"DEBUG=1",
					"$(inherited)",
				);
				GCC_WARN_64_TO_32_BIT_CONVERSION = YES;
				GCC_WARN_ABOUT_RETURN_TYPE = YES_ERROR;
				GCC_WARN_UNDECLARED_SELECTOR = YES;
				GCC_WARN_UNINITIALIZED_AUTOS = YES_AGGRESSIVE;
				GCC_WARN_UNUSED_FUNCTION = YES;
				GCC_WARN_UNUSED_VARIABLE = YES;
				IPHONEOS_DEPLOYMENT_TARGET = 12.4;
				MTL_ENABLE_DEBUG_INFO = INCLUDE_SOURCE;
				MTL_FAST_MATH = YES;
				ONLY_ACTIVE_ARCH = YES;
				SDKROOT = iphoneos;
				SWIFT_ACTIVE_COMPILATION_CONDITIONS = DEBUG;
				SWIFT_OPTIMIZATION_LEVEL = "-Onone";
			};
			name = Debug;
		};
		1804802A243E0106009285CC /* Release */ = {
			isa = XCBuildConfiguration;
			buildSettings = {
				ALWAYS_SEARCH_USER_PATHS = NO;
				CLANG_ANALYZER_NONNULL = YES;
				CLANG_ANALYZER_NUMBER_OBJECT_CONVERSION = YES_AGGRESSIVE;
				CLANG_CXX_LANGUAGE_STANDARD = "gnu++14";
				CLANG_CXX_LIBRARY = "libc++";
				CLANG_ENABLE_MODULES = YES;
				CLANG_ENABLE_OBJC_ARC = YES;
				CLANG_ENABLE_OBJC_WEAK = YES;
				CLANG_WARN_BLOCK_CAPTURE_AUTORELEASING = YES;
				CLANG_WARN_BOOL_CONVERSION = YES;
				CLANG_WARN_COMMA = YES;
				CLANG_WARN_CONSTANT_CONVERSION = YES;
				CLANG_WARN_DEPRECATED_OBJC_IMPLEMENTATIONS = YES;
				CLANG_WARN_DIRECT_OBJC_ISA_USAGE = YES_ERROR;
				CLANG_WARN_DOCUMENTATION_COMMENTS = YES;
				CLANG_WARN_EMPTY_BODY = YES;
				CLANG_WARN_ENUM_CONVERSION = YES;
				CLANG_WARN_INFINITE_RECURSION = YES;
				CLANG_WARN_INT_CONVERSION = YES;
				CLANG_WARN_NON_LITERAL_NULL_CONVERSION = YES;
				CLANG_WARN_OBJC_IMPLICIT_RETAIN_SELF = YES;
				CLANG_WARN_OBJC_LITERAL_CONVERSION = YES;
				CLANG_WARN_OBJC_ROOT_CLASS = YES_ERROR;
				CLANG_WARN_RANGE_LOOP_ANALYSIS = YES;
				CLANG_WARN_STRICT_PROTOTYPES = YES;
				CLANG_WARN_SUSPICIOUS_MOVE = YES;
				CLANG_WARN_UNGUARDED_AVAILABILITY = YES_AGGRESSIVE;
				CLANG_WARN_UNREACHABLE_CODE = YES;
				CLANG_WARN__DUPLICATE_METHOD_MATCH = YES;
				CODE_SIGN_IDENTITY = "iPhone Developer";
				COPY_PHASE_STRIP = NO;
				DEBUG_INFORMATION_FORMAT = "dwarf-with-dsym";
				ENABLE_NS_ASSERTIONS = NO;
				ENABLE_STRICT_OBJC_MSGSEND = YES;
				GCC_C_LANGUAGE_STANDARD = gnu11;
				GCC_NO_COMMON_BLOCKS = YES;
				GCC_WARN_64_TO_32_BIT_CONVERSION = YES;
				GCC_WARN_ABOUT_RETURN_TYPE = YES_ERROR;
				GCC_WARN_UNDECLARED_SELECTOR = YES;
				GCC_WARN_UNINITIALIZED_AUTOS = YES_AGGRESSIVE;
				GCC_WARN_UNUSED_FUNCTION = YES;
				GCC_WARN_UNUSED_VARIABLE = YES;
				IPHONEOS_DEPLOYMENT_TARGET = 12.4;
				MTL_ENABLE_DEBUG_INFO = NO;
				MTL_FAST_MATH = YES;
				SDKROOT = iphoneos;
				SWIFT_COMPILATION_MODE = wholemodule;
				SWIFT_OPTIMIZATION_LEVEL = "-O";
				VALIDATE_PRODUCT = YES;
			};
			name = Release;
		};
		1804802C243E0106009285CC /* Debug */ = {
			isa = XCBuildConfiguration;
			buildSettings = {
				ASSETCATALOG_COMPILER_APPICON_NAME = AppIcon;
				CODE_SIGN_STYLE = Automatic;
				DEVELOPMENT_TEAM = MTD927KX28;
				INFOPLIST_FILE = SwiftDemo/Info.plist;
				LD_RUNPATH_SEARCH_PATHS = (
					"$(inherited)",
					"@executable_path/Frameworks",
				);
				PRODUCT_BUNDLE_IDENTIFIER = com.nautilus.SwiftDemo;
				PRODUCT_NAME = "$(TARGET_NAME)";
				SWIFT_VERSION = 5.0;
				TARGETED_DEVICE_FAMILY = "1,2";
			};
			name = Debug;
		};
		1804802D243E0106009285CC /* Release */ = {
			isa = XCBuildConfiguration;
			buildSettings = {
				ASSETCATALOG_COMPILER_APPICON_NAME = AppIcon;
				CODE_SIGN_STYLE = Automatic;
				DEVELOPMENT_TEAM = MTD927KX28;
				INFOPLIST_FILE = SwiftDemo/Info.plist;
				LD_RUNPATH_SEARCH_PATHS = (
					"$(inherited)",
					"@executable_path/Frameworks",
				);
				PRODUCT_BUNDLE_IDENTIFIER = com.nautilus.SwiftDemo;
				PRODUCT_NAME = "$(TARGET_NAME)";
				SWIFT_VERSION = 5.0;
				TARGETED_DEVICE_FAMILY = "1,2";
			};
			name = Release;
		};
/* End XCBuildConfiguration section */

/* Begin XCConfigurationList section */
		18048011243E0101009285CC /* Build configuration list for PBXProject "SwiftDemo" */ = {
			isa = XCConfigurationList;
			buildConfigurations = (
				18048029243E0106009285CC /* Debug */,
				1804802A243E0106009285CC /* Release */,
			);
			defaultConfigurationIsVisible = 0;
			defaultConfigurationName = Release;
		};
		1804802B243E0106009285CC /* Build configuration list for PBXNativeTarget "SwiftDemo" */ = {
			isa = XCConfigurationList;
			buildConfigurations = (
				1804802C243E0106009285CC /* Debug */,
				1804802D243E0106009285CC /* Release */,
			);
			defaultConfigurationIsVisible = 0;
			defaultConfigurationName = Release;
		};
/* End XCConfigurationList section */

/* Begin XCVersionGroup section */
		18048020243E0102009285CC /* SwiftDemo.xcdatamodeld */ = {
			isa = XCVersionGroup;
			children = (
				18048021243E0102009285CC /* SwiftDemo.xcdatamodel */,
			);
			currentVersion = 18048021243E0102009285CC /* SwiftDemo.xcdatamodel */;
			path = SwiftDemo.xcdatamodeld;
			sourceTree = "<group>";
			versionGroupType = wrapper.xcdatamodel;
		};
/* End XCVersionGroup section */
	};
	rootObject = 1804800E243E0101009285CC /* Project object */;
}
